
Microsoft Visual Studio Solution File, Format Version 12.00
# Visual Studio Version 17
VisualStudioVersion = 17.4.33103.184
MinimumVisualStudioVersion = 10.0.40219.1
Project("{FAE04EC0-301F-11D3-BF4B-00C04F79EFBC}") = "Primeiro Codigo", "Primeiro Codigo.csproj", "{540AAC83-4334-4F95-BB06-8C44D45B6CAB}"
EndProject
Global
	GlobalSection(SolutionConfigurationPlatforms) = preSolution
		Debug|x86 = Debug|x86
		Release|x86 = Release|x86
	EndGlobalSection
	GlobalSection(ProjectConfigurationPlatforms) = postSolution
		{540AAC83-4334-4F95-BB06-8C44D45B6CAB}.Debug|x86.ActiveCfg = Debug|x86
		{540AAC83-4334-4F95-BB06-8C44D45B6CAB}.Debug|x86.Build.0 = Debug|x86
		{540AAC83-4334-4F95-BB06-8C44D45B6CAB}.Release|x86.ActiveCfg = Release|x86
		{540AAC83-4334-4F95-BB06-8C44D45B6CAB}.Release|x86.Build.0 = Release|x86
	EndGlobalSection
	GlobalSection(SolutionProperties) = preSolution
		HideSolutionNode = FALSE
	EndGlobalSection
	GlobalSection(ExtensibilityGlobals) = postSolution
		SolutionGuid = {5B71FA4D-6648-403D-9F48-A6F01BA351C2}
	EndGlobalSection
EndGlobal
