
Microsoft Visual Studio Solution File, Format Version 12.00
# Visual Studio Version 17
VisualStudioVersion = 17.4.33103.184
MinimumVisualStudioVersion = 10.0.40219.1
Project("{FAE04EC0-301F-11D3-BF4B-00C04F79EFBC}") = "Problema Retangulo", "Problema Retangulo\Problema Retangulo.csproj", "{2BD9D20A-326B-4A52-9DFF-19FA65638BBD}"
EndProject
Global
	GlobalSection(SolutionConfigurationPlatforms) = preSolution
		Debug|Any CPU = Debug|Any CPU
		Release|Any CPU = Release|Any CPU
	EndGlobalSection
	GlobalSection(ProjectConfigurationPlatforms) = postSolution
		{2BD9D20A-326B-4A52-9DFF-19FA65638BBD}.Debug|Any CPU.ActiveCfg = Debug|Any CPU
		{2BD9D20A-326B-4A52-9DFF-19FA65638BBD}.Debug|Any CPU.Build.0 = Debug|Any CPU
		{2BD9D20A-326B-4A52-9DFF-19FA65638BBD}.Release|Any CPU.ActiveCfg = Release|Any CPU
		{2BD9D20A-326B-4A52-9DFF-19FA65638BBD}.Release|Any CPU.Build.0 = Release|Any CPU
	EndGlobalSection
	GlobalSection(SolutionProperties) = preSolution
		HideSolutionNode = FALSE
	EndGlobalSection
	GlobalSection(ExtensibilityGlobals) = postSolution
		SolutionGuid = {8703B83B-DCE4-487C-9537-2305205444B9}
	EndGlobalSection
EndGlobal
