
Microsoft Visual Studio Solution File, Format Version 12.00
# Visual Studio Version 17
VisualStudioVersion = 17.4.33103.184
MinimumVisualStudioVersion = 10.0.40219.1
Project("{FAE04EC0-301F-11D3-BF4B-00C04F79EFBC}") = "Exemplo Variáveis", "Exemplo Variáveis\Exemplo Variáveis.csproj", "{5398F297-347C-41A6-98BD-19089C25AC18}"
EndProject
Global
	GlobalSection(SolutionConfigurationPlatforms) = preSolution
		Debug|Any CPU = Debug|Any CPU
		Release|Any CPU = Release|Any CPU
	EndGlobalSection
	GlobalSection(ProjectConfigurationPlatforms) = postSolution
		{5398F297-347C-41A6-98BD-19089C25AC18}.Debug|Any CPU.ActiveCfg = Debug|Any CPU
		{5398F297-347C-41A6-98BD-19089C25AC18}.Debug|Any CPU.Build.0 = Debug|Any CPU
		{5398F297-347C-41A6-98BD-19089C25AC18}.Release|Any CPU.ActiveCfg = Release|Any CPU
		{5398F297-347C-41A6-98BD-19089C25AC18}.Release|Any CPU.Build.0 = Release|Any CPU
	EndGlobalSection
	GlobalSection(SolutionProperties) = preSolution
		HideSolutionNode = FALSE
	EndGlobalSection
	GlobalSection(ExtensibilityGlobals) = postSolution
		SolutionGuid = {BF3F7E5C-7093-49A1-BC0A-E3B7B8E72171}
	EndGlobalSection
EndGlobal
