
Microsoft Visual Studio Solution File, Format Version 12.00
# Visual Studio Version 17
VisualStudioVersion = 17.3.32929.385
MinimumVisualStudioVersion = 10.0.40219.1
Project("{FAE04EC0-301F-11D3-BF4B-00C04F79EFBC}") = "Problema Soma Vetor", "Problema Soma Vetor\Problema Soma Vetor.csproj", "{7EDE7F6E-FB46-4CAF-968E-B612BAFF5F4F}"
EndProject
Global
	GlobalSection(SolutionConfigurationPlatforms) = preSolution
		Debug|Any CPU = Debug|Any CPU
		Release|Any CPU = Release|Any CPU
	EndGlobalSection
	GlobalSection(ProjectConfigurationPlatforms) = postSolution
		{7EDE7F6E-FB46-4CAF-968E-B612BAFF5F4F}.Debug|Any CPU.ActiveCfg = Debug|Any CPU
		{7EDE7F6E-FB46-4CAF-968E-B612BAFF5F4F}.Debug|Any CPU.Build.0 = Debug|Any CPU
		{7EDE7F6E-FB46-4CAF-968E-B612BAFF5F4F}.Release|Any CPU.ActiveCfg = Release|Any CPU
		{7EDE7F6E-FB46-4CAF-968E-B612BAFF5F4F}.Release|Any CPU.Build.0 = Release|Any CPU
	EndGlobalSection
	GlobalSection(SolutionProperties) = preSolution
		HideSolutionNode = FALSE
	EndGlobalSection
	GlobalSection(ExtensibilityGlobals) = postSolution
		SolutionGuid = {403BBB87-6674-4F1B-9CB1-22690BA93799}
	EndGlobalSection
EndGlobal
