
Microsoft Visual Studio Solution File, Format Version 12.00
# Visual Studio Version 17
VisualStudioVersion = 17.4.33103.184
MinimumVisualStudioVersion = 10.0.40219.1
Project("{FAE04EC0-301F-11D3-BF4B-00C04F79EFBC}") = "Problema Menor de Três", "Problema Menor de Três\Problema Menor de Três.csproj", "{97D7BB8C-10B3-4155-A10F-130371AF3013}"
EndProject
Global
	GlobalSection(SolutionConfigurationPlatforms) = preSolution
		Debug|Any CPU = Debug|Any CPU
		Release|Any CPU = Release|Any CPU
	EndGlobalSection
	GlobalSection(ProjectConfigurationPlatforms) = postSolution
		{97D7BB8C-10B3-4155-A10F-130371AF3013}.Debug|Any CPU.ActiveCfg = Debug|Any CPU
		{97D7BB8C-10B3-4155-A10F-130371AF3013}.Debug|Any CPU.Build.0 = Debug|Any CPU
		{97D7BB8C-10B3-4155-A10F-130371AF3013}.Release|Any CPU.ActiveCfg = Release|Any CPU
		{97D7BB8C-10B3-4155-A10F-130371AF3013}.Release|Any CPU.Build.0 = Release|Any CPU
	EndGlobalSection
	GlobalSection(SolutionProperties) = preSolution
		HideSolutionNode = FALSE
	EndGlobalSection
	GlobalSection(ExtensibilityGlobals) = postSolution
		SolutionGuid = {8531E532-6A01-493B-8E70-D32DB86511A5}
	EndGlobalSection
EndGlobal
